{
    "version": 3,
    "terraform_version": "0.11.2",
    "serial": 4,
    "lineage": "6a974dce-ec02-40c8-b31d-82c9e4296848",
    "modules": [
        {
            "path": [
                "root"
            ],
            "outputs": {},
            "resources": {
                "openstack_blockstorage_volume_v2.volume_1Ernest": {
                    "type": "openstack_blockstorage_volume_v2",
                    "depends_on": [],
                    "primary": {
                        "id": "b2190f90-2f90-4361-a638-4233801bb7f6",
                        "attributes": {
                            "attachment.#": "1",
                            "attachment.1580626970.device": "/dev/vdb",
                            "attachment.1580626970.id": "b2190f90-2f90-4361-a638-4233801bb7f6",
                            "attachment.1580626970.instance_id": "b919e90a-2e25-4620-af17-b7e117123a76",
                            "availability_zone": "nova",
                            "description": "",
                            "id": "b2190f90-2f90-4361-a638-4233801bb7f6",
                            "metadata.%": "2",
                            "metadata.attached_mode": "rw",
                            "metadata.readonly": "False",
                            "name": "volume_1Ernest",
                            "region": "",
                            "size": "1",
                            "snapshot_id": "",
                            "source_vol_id": "",
                            "volume_type": ""
                        },
                        "meta": {
                            "e2bfb730-ecaa-11e6-8f88-34363bc7c4c0": {
                                "create": 600000000000,
                                "delete": 600000000000
                            }
                        },
                        "tainted": false
                    },
                    "deposed": [],
                    "provider": "provider.openstack"
                },
                "openstack_compute_instance_v2.basicErnest": {
                    "type": "openstack_compute_instance_v2",
                    "depends_on": [],
                    "primary": {
                        "id": "b919e90a-2e25-4620-af17-b7e117123a76",
                        "attributes": {
                            "access_ip_v4": "192.168.116.240",
                            "access_ip_v6": "",
                            "all_metadata.%": "0",
                            "availability_zone": "nova",
                            "flavor_id": "2",
                            "flavor_name": "m1.small",
                            "force_delete": "false",
                            "id": "b919e90a-2e25-4620-af17-b7e117123a76",
                            "image_id": "5ad7a233-8f2b-4711-9e8d-65317b048cd9",
                            "image_name": "CentOS-7-x86_64",
                            "key_pair": "devops",
                            "name": "basicErnest",
                            "network.#": "1",
                            "network.0.access_network": "false",
                            "network.0.fixed_ip_v4": "192.168.116.240",
                            "network.0.fixed_ip_v6": "",
                            "network.0.floating_ip": "",
                            "network.0.mac": "fa:16:3e:78:0e:68",
                            "network.0.name": "flat-provider-network",
                            "network.0.port": "",
                            "network.0.uuid": "d8ecbaf5-13aa-4c80-be81-9dd7119dc28a",
                            "region": "",
                            "security_groups.#": "2",
                            "security_groups.3587245494": "secgroup_1_Ernest",
                            "security_groups.3814588639": "default",
                            "stop_before_destroy": "false"
                        },
                        "meta": {
                            "e2bfb730-ecaa-11e6-8f88-34363bc7c4c0": {
                                "create": 1800000000000,
                                "delete": 1800000000000,
                                "update": 1800000000000
                            }
                        },
                        "tainted": false
                    },
                    "deposed": [],
                    "provider": "provider.openstack"
                },
                "openstack_compute_volume_attach_v2.va_1": {
                    "type": "openstack_compute_volume_attach_v2",
                    "depends_on": [
                        "openstack_blockstorage_volume_v2.volume_1Ernest",
                        "openstack_compute_instance_v2.basicErnest"
                    ],
                    "primary": {
                        "id": "b919e90a-2e25-4620-af17-b7e117123a76/b2190f90-2f90-4361-a638-4233801bb7f6",
                        "attributes": {
                            "device": "/dev/vdb",
                            "id": "b919e90a-2e25-4620-af17-b7e117123a76/b2190f90-2f90-4361-a638-4233801bb7f6",
                            "instance_id": "b919e90a-2e25-4620-af17-b7e117123a76",
                            "region": "",
                            "volume_id": "b2190f90-2f90-4361-a638-4233801bb7f6"
                        },
                        "meta": {
                            "e2bfb730-ecaa-11e6-8f88-34363bc7c4c0": {
                                "create": 600000000000,
                                "delete": 600000000000
                            }
                        },
                        "tainted": false
                    },
                    "deposed": [],
                    "provider": "provider.openstack"
                },
                "openstack_networking_secgroup_rule_v2.secgroup_rule_v4Ernest": {
                    "type": "openstack_networking_secgroup_rule_v2",
                    "depends_on": [
                        "openstack_networking_secgroup_v2.secgroup_1_Ernest"
                    ],
                    "primary": {
                        "id": "b14bc6d6-00d6-4ccb-a157-a3c8b1bc4ac6",
                        "attributes": {
                            "direction": "ingress",
                            "ethertype": "IPv4",
                            "id": "b14bc6d6-00d6-4ccb-a157-a3c8b1bc4ac6",
                            "port_range_max": "0",
                            "port_range_min": "0",
                            "protocol": "",
                            "region": "",
                            "remote_group_id": "",
                            "remote_ip_prefix": "",
                            "security_group_id": "04be819e-6f93-43d9-ae55-4e50e0953330",
                            "tenant_id": "ccdd8285c175429ca8f63ab5b37cdc5b"
                        },
                        "meta": {
                            "e2bfb730-ecaa-11e6-8f88-34363bc7c4c0": {
                                "delete": 600000000000
                            }
                        },
                        "tainted": false
                    },
                    "deposed": [],
                    "provider": "provider.openstack"
                },
                "openstack_networking_secgroup_v2.secgroup_1_Ernest": {
                    "type": "openstack_networking_secgroup_v2",
                    "depends_on": [],
                    "primary": {
                        "id": "04be819e-6f93-43d9-ae55-4e50e0953330",
                        "attributes": {
                            "description": "My neutron security group",
                            "id": "04be819e-6f93-43d9-ae55-4e50e0953330",
                            "name": "secgroup_1_Ernest",
                            "region": "",
                            "tenant_id": "ccdd8285c175429ca8f63ab5b37cdc5b"
                        },
                        "meta": {
                            "e2bfb730-ecaa-11e6-8f88-34363bc7c4c0": {
                                "delete": 600000000000
                            }
                        },
                        "tainted": false
                    },
                    "deposed": [],
                    "provider": "provider.openstack"
                }
            },
            "depends_on": []
        }
    ]
}
