{
    "version": 3,
    "terraform_version": "0.11.2",
    "serial": 4,
    "lineage": "6a974dce-ec02-40c8-b31d-82c9e4296848",
    "modules": [
        {
            "path": [
                "root"
            ],
            "outputs": {},
            "resources": {
                "openstack_blockstorage_volume_v2.volume_1Ernest": {
                    "type": "openstack_blockstorage_volume_v2",
                    "depends_on": [],
                    "primary": {
                        "id": "9038d49d-244b-4bbe-8191-86dcde43105f",
                        "attributes": {
                            "attachment.#": "0",
                            "availability_zone": "nova",
                            "description": "",
                            "id": "9038d49d-244b-4bbe-8191-86dcde43105f",
                            "metadata.%": "0",
                            "name": "volume_1Ernest",
                            "region": "",
                            "size": "1",
                            "snapshot_id": "",
                            "source_vol_id": "",
                            "volume_type": ""
                        },
                        "meta": {
                            "e2bfb730-ecaa-11e6-8f88-34363bc7c4c0": {
                                "create": 600000000000,
                                "delete": 600000000000
                            }
                        },
                        "tainted": false
                    },
                    "deposed": [],
                    "provider": "provider.openstack"
                },
                "openstack_compute_instance_v2.basicErnest": {
                    "type": "openstack_compute_instance_v2",
                    "depends_on": [],
                    "primary": {
                        "id": "0d140aae-db74-43be-8581-b26121a8163c",
                        "attributes": {
                            "access_ip_v4": "192.168.116.241",
                            "access_ip_v6": "",
                            "all_metadata.%": "0",
                            "availability_zone": "nova",
                            "flavor_id": "2",
                            "flavor_name": "m1.small",
                            "force_delete": "false",
                            "id": "0d140aae-db74-43be-8581-b26121a8163c",
                            "image_id": "5ad7a233-8f2b-4711-9e8d-65317b048cd9",
                            "image_name": "CentOS-7-x86_64",
                            "key_pair": "devops",
                            "name": "basicErnest",
                            "network.#": "1",
                            "network.0.access_network": "false",
                            "network.0.fixed_ip_v4": "192.168.116.241",
                            "network.0.fixed_ip_v6": "",
                            "network.0.floating_ip": "",
                            "network.0.mac": "fa:16:3e:4b:e5:29",
                            "network.0.name": "flat-provider-network",
                            "network.0.port": "",
                            "network.0.uuid": "d8ecbaf5-13aa-4c80-be81-9dd7119dc28a",
                            "region": "",
                            "security_groups.#": "2",
                            "security_groups.3587245494": "secgroup_1_Ernest",
                            "security_groups.3814588639": "default",
                            "stop_before_destroy": "false"
                        },
                        "meta": {
                            "e2bfb730-ecaa-11e6-8f88-34363bc7c4c0": {
                                "create": 1800000000000,
                                "delete": 1800000000000,
                                "update": 1800000000000
                            }
                        },
                        "tainted": false
                    },
                    "deposed": [],
                    "provider": "provider.openstack"
                },
                "openstack_compute_volume_attach_v2.va_1": {
                    "type": "openstack_compute_volume_attach_v2",
                    "depends_on": [
                        "openstack_blockstorage_volume_v2.volume_1Ernest",
                        "openstack_compute_instance_v2.basicErnest"
                    ],
                    "primary": {
                        "id": "0d140aae-db74-43be-8581-b26121a8163c/9038d49d-244b-4bbe-8191-86dcde43105f",
                        "attributes": {
                            "device": "/dev/vdb",
                            "id": "0d140aae-db74-43be-8581-b26121a8163c/9038d49d-244b-4bbe-8191-86dcde43105f",
                            "instance_id": "0d140aae-db74-43be-8581-b26121a8163c",
                            "region": "",
                            "volume_id": "9038d49d-244b-4bbe-8191-86dcde43105f"
                        },
                        "meta": {
                            "e2bfb730-ecaa-11e6-8f88-34363bc7c4c0": {
                                "create": 600000000000,
                                "delete": 600000000000
                            }
                        },
                        "tainted": false
                    },
                    "deposed": [],
                    "provider": "provider.openstack"
                },
                "openstack_networking_secgroup_rule_v2.secgroup_rule_v4Ernest": {
                    "type": "openstack_networking_secgroup_rule_v2",
                    "depends_on": [
                        "openstack_networking_secgroup_v2.secgroup_1_Ernest"
                    ],
                    "primary": {
                        "id": "7fe74a15-8cde-48de-a9de-1f7f92c31a85",
                        "attributes": {
                            "direction": "ingress",
                            "ethertype": "IPv4",
                            "id": "7fe74a15-8cde-48de-a9de-1f7f92c31a85",
                            "port_range_max": "0",
                            "port_range_min": "0",
                            "protocol": "",
                            "region": "",
                            "remote_group_id": "",
                            "remote_ip_prefix": "",
                            "security_group_id": "af3b2111-5175-434c-95b6-ba55443725a8",
                            "tenant_id": "ccdd8285c175429ca8f63ab5b37cdc5b"
                        },
                        "meta": {
                            "e2bfb730-ecaa-11e6-8f88-34363bc7c4c0": {
                                "delete": 600000000000
                            }
                        },
                        "tainted": false
                    },
                    "deposed": [],
                    "provider": "provider.openstack"
                },
                "openstack_networking_secgroup_v2.secgroup_1_Ernest": {
                    "type": "openstack_networking_secgroup_v2",
                    "depends_on": [],
                    "primary": {
                        "id": "af3b2111-5175-434c-95b6-ba55443725a8",
                        "attributes": {
                            "description": "My neutron security group",
                            "id": "af3b2111-5175-434c-95b6-ba55443725a8",
                            "name": "secgroup_1_Ernest",
                            "region": "",
                            "tenant_id": "ccdd8285c175429ca8f63ab5b37cdc5b"
                        },
                        "meta": {
                            "e2bfb730-ecaa-11e6-8f88-34363bc7c4c0": {
                                "delete": 600000000000
                            }
                        },
                        "tainted": false
                    },
                    "deposed": [],
                    "provider": "provider.openstack"
                }
            },
            "depends_on": []
        }
    ]
}
